
Microsoft Visual Studio Solution File, Format Version 12.00
# Visual Studio Version 16
VisualStudioVersion = 16.0.31005.135
MinimumVisualStudioVersion = 10.0.40219.1
Project("{FAE04EC0-301F-11D3-BF4B-00C04F79EFBC}") = "planeter2", "planeter2\planeter2.csproj", "{4D719453-725F-4D08-9D23-D8CD3C73AB9C}"
EndProject
Global
	GlobalSection(SolutionConfigurationPlatforms) = preSolution
		Debug|Any CPU = Debug|Any CPU
		Release|Any CPU = Release|Any CPU
	EndGlobalSection
	GlobalSection(ProjectConfigurationPlatforms) = postSolution
		{4D719453-725F-4D08-9D23-D8CD3C73AB9C}.Debug|Any CPU.ActiveCfg = Debug|Any CPU
		{4D719453-725F-4D08-9D23-D8CD3C73AB9C}.Debug|Any CPU.Build.0 = Debug|Any CPU
		{4D719453-725F-4D08-9D23-D8CD3C73AB9C}.Release|Any CPU.ActiveCfg = Release|Any CPU
		{4D719453-725F-4D08-9D23-D8CD3C73AB9C}.Release|Any CPU.Build.0 = Release|Any CPU
	EndGlobalSection
	GlobalSection(SolutionProperties) = preSolution
		HideSolutionNode = FALSE
	EndGlobalSection
	GlobalSection(ExtensibilityGlobals) = postSolution
		SolutionGuid = {5D681761-411F-47CD-BA9C-5BC5FC375B5A}
	EndGlobalSection
EndGlobal
